
Microsoft Visual Studio Solution File, Format Version 12.00
# Visual Studio 15
VisualStudioVersion = 15.0.28307.2017
MinimumVisualStudioVersion = 10.0.40219.1
Project("{FAE04EC0-301F-11D3-BF4B-00C04F79EFBC}") = "HCSynthByGloss", "HCSynthByGloss\HCSynthByGloss.csproj", "{765F99FE-C613-42B4-AC05-D5EB3D343BF7}"
EndProject
Project("{FAE04EC0-301F-11D3-BF4B-00C04F79EFBC}") = "HCSynthByGlossTest", "HCSynthByGlossTest\HCSynthByGlossTest.csproj", "{CD9E5E81-F590-4B06-9C43-CEAF4AAD71DB}"
EndProject
Project("{FAE04EC0-301F-11D3-BF4B-00C04F79EFBC}") = "GenerateHCConfigForFLExTrans", "GenerateHCConfig4FLExTrans\GenerateHCConfigForFLExTrans.csproj", "{39D15298-8C61-48F6-91CB-2809531CC94F}"
EndProject
Global
	GlobalSection(SolutionConfigurationPlatforms) = preSolution
		Debug|Any CPU = Debug|Any CPU
		Debug|x64 = Debug|x64
		Release|Any CPU = Release|Any CPU
		Release|x64 = Release|x64
	EndGlobalSection
	GlobalSection(ProjectConfigurationPlatforms) = postSolution
		{765F99FE-C613-42B4-AC05-D5EB3D343BF7}.Debug|Any CPU.ActiveCfg = Debug|x64
		{765F99FE-C613-42B4-AC05-D5EB3D343BF7}.Debug|Any CPU.Build.0 = Debug|x64
		{765F99FE-C613-42B4-AC05-D5EB3D343BF7}.Debug|x64.ActiveCfg = Debug|x64
		{765F99FE-C613-42B4-AC05-D5EB3D343BF7}.Debug|x64.Build.0 = Debug|x64
		{765F99FE-C613-42B4-AC05-D5EB3D343BF7}.Release|Any CPU.ActiveCfg = Release|Any CPU
		{765F99FE-C613-42B4-AC05-D5EB3D343BF7}.Release|Any CPU.Build.0 = Release|Any CPU
		{765F99FE-C613-42B4-AC05-D5EB3D343BF7}.Release|x64.ActiveCfg = Release|x64
		{765F99FE-C613-42B4-AC05-D5EB3D343BF7}.Release|x64.Build.0 = Release|x64
		{CD9E5E81-F590-4B06-9C43-CEAF4AAD71DB}.Debug|Any CPU.ActiveCfg = Debug|Any CPU
		{CD9E5E81-F590-4B06-9C43-CEAF4AAD71DB}.Debug|Any CPU.Build.0 = Debug|Any CPU
		{CD9E5E81-F590-4B06-9C43-CEAF4AAD71DB}.Debug|x64.ActiveCfg = Debug|x64
		{CD9E5E81-F590-4B06-9C43-CEAF4AAD71DB}.Debug|x64.Build.0 = Debug|x64
		{CD9E5E81-F590-4B06-9C43-CEAF4AAD71DB}.Release|Any CPU.ActiveCfg = Release|Any CPU
		{CD9E5E81-F590-4B06-9C43-CEAF4AAD71DB}.Release|Any CPU.Build.0 = Release|Any CPU
		{CD9E5E81-F590-4B06-9C43-CEAF4AAD71DB}.Release|x64.ActiveCfg = Release|x64
		{CD9E5E81-F590-4B06-9C43-CEAF4AAD71DB}.Release|x64.Build.0 = Release|x64
		{39D15298-8C61-48F6-91CB-2809531CC94F}.Debug|Any CPU.ActiveCfg = Debug|Any CPU
		{39D15298-8C61-48F6-91CB-2809531CC94F}.Debug|Any CPU.Build.0 = Debug|Any CPU
		{39D15298-8C61-48F6-91CB-2809531CC94F}.Debug|x64.ActiveCfg = Debug|x64
		{39D15298-8C61-48F6-91CB-2809531CC94F}.Debug|x64.Build.0 = Debug|x64
		{39D15298-8C61-48F6-91CB-2809531CC94F}.Release|Any CPU.ActiveCfg = Release|Any CPU
		{39D15298-8C61-48F6-91CB-2809531CC94F}.Release|Any CPU.Build.0 = Release|Any CPU
		{39D15298-8C61-48F6-91CB-2809531CC94F}.Release|x64.ActiveCfg = Release|x64
		{39D15298-8C61-48F6-91CB-2809531CC94F}.Release|x64.Build.0 = Release|x64
	EndGlobalSection
	GlobalSection(SolutionProperties) = preSolution
		HideSolutionNode = FALSE
	EndGlobalSection
	GlobalSection(ExtensibilityGlobals) = postSolution
		SolutionGuid = {D859B5EB-108A-4409-AE9A-6C54DA05E2AC}
	EndGlobalSection
EndGlobal
