
Microsoft Visual Studio Solution File, Format Version 12.00
# Visual Studio 15
VisualStudioVersion = 15.0.28307.1169
MinimumVisualStudioVersion = 10.0.40219.1
Project("{FAE04EC0-301F-11D3-BF4B-00C04F79EFBC}") = "GenerateHCConfigForFLExTrans", "GenerateHCConfigForFLExTrans.csproj", "{39D15298-8C61-48F6-91CB-2809531CC94F}"
EndProject
Global
	GlobalSection(SolutionConfigurationPlatforms) = preSolution
		Debug|Any CPU = Debug|Any CPU
		Debug|x64 = Debug|x64
		Release|Any CPU = Release|Any CPU
		Release|x64 = Release|x64
	EndGlobalSection
	GlobalSection(ProjectConfigurationPlatforms) = postSolution
		{39D15298-8C61-48F6-91CB-2809531CC94F}.Debug|Any CPU.ActiveCfg = Debug|x64
		{39D15298-8C61-48F6-91CB-2809531CC94F}.Debug|Any CPU.Build.0 = Debug|x64
		{39D15298-8C61-48F6-91CB-2809531CC94F}.Debug|x64.ActiveCfg = Debug|x64
		{39D15298-8C61-48F6-91CB-2809531CC94F}.Debug|x64.Build.0 = Debug|x64
		{39D15298-8C61-48F6-91CB-2809531CC94F}.Release|Any CPU.ActiveCfg = Release|x64
		{39D15298-8C61-48F6-91CB-2809531CC94F}.Release|Any CPU.Build.0 = Release|x64
		{39D15298-8C61-48F6-91CB-2809531CC94F}.Release|x64.ActiveCfg = Release|x64
		{39D15298-8C61-48F6-91CB-2809531CC94F}.Release|x64.Build.0 = Release|x64
	EndGlobalSection
	GlobalSection(SolutionProperties) = preSolution
		HideSolutionNode = FALSE
	EndGlobalSection
	GlobalSection(ExtensibilityGlobals) = postSolution
		SolutionGuid = {3F562FC4-F8AF-41D3-8787-986F0521F972}
	EndGlobalSection
EndGlobal
